
Microsoft Visual Studio Solution File, Format Version 12.00
# Visual Studio Version 17
VisualStudioVersion = 17.13.35825.156 d17.13
MinimumVisualStudioVersion = 10.0.40219.1
Project("{FAE04EC0-301F-11D3-BF4B-00C04F79EFBC}") = "Ejercicio1", "Ejercicio1\Ejercicio1.csproj", "{271CDE90-34AC-4910-A4BB-1F06A060EBDE}"
EndProject
Project("{FAE04EC0-301F-11D3-BF4B-00C04F79EFBC}") = "Ejercicio2", "Ejercicio2\Ejercicio2.csproj", "{C523260D-52B1-40ED-9D0A-8C1942CFB842}"
EndProject
Global
	GlobalSection(SolutionConfigurationPlatforms) = preSolution
		Debug|Any CPU = Debug|Any CPU
		Release|Any CPU = Release|Any CPU
	EndGlobalSection
	GlobalSection(ProjectConfigurationPlatforms) = postSolution
		{271CDE90-34AC-4910-A4BB-1F06A060EBDE}.Debug|Any CPU.ActiveCfg = Debug|Any CPU
		{271CDE90-34AC-4910-A4BB-1F06A060EBDE}.Debug|Any CPU.Build.0 = Debug|Any CPU
		{271CDE90-34AC-4910-A4BB-1F06A060EBDE}.Release|Any CPU.ActiveCfg = Release|Any CPU
		{271CDE90-34AC-4910-A4BB-1F06A060EBDE}.Release|Any CPU.Build.0 = Release|Any CPU
		{C523260D-52B1-40ED-9D0A-8C1942CFB842}.Debug|Any CPU.ActiveCfg = Debug|Any CPU
		{C523260D-52B1-40ED-9D0A-8C1942CFB842}.Debug|Any CPU.Build.0 = Debug|Any CPU
		{C523260D-52B1-40ED-9D0A-8C1942CFB842}.Release|Any CPU.ActiveCfg = Release|Any CPU
		{C523260D-52B1-40ED-9D0A-8C1942CFB842}.Release|Any CPU.Build.0 = Release|Any CPU
	EndGlobalSection
	GlobalSection(SolutionProperties) = preSolution
		HideSolutionNode = FALSE
	EndGlobalSection
	GlobalSection(ExtensibilityGlobals) = postSolution
		SolutionGuid = {2EE5E9A6-B86A-4B30-BFAA-1D476B2106C4}
	EndGlobalSection
EndGlobal
